
Microsoft Visual Studio Solution File, Format Version 12.00
# Visual Studio Version 16
VisualStudioVersion = 16.0.29424.173
MinimumVisualStudioVersion = 15.0.26124.0
Project("{9A19103F-16F7-4668-BE54-9A1E7A4F7556}") = "JMG.Parsnip.CLI", "JMG.Parsnip.CLI.csproj", "{5156E0F1-0B64-47E6-9417-B2A716CC7A65}"
EndProject
Project("{FAE04EC0-301F-11D3-BF4B-00C04F79EFBC}") = "JMG.Parsnip.VSIXProject", "..\JMG.Parsnip.VSIXProject\JMG.Parsnip.VSIXProject.csproj", "{2C8EF6F3-B50B-4816-A37C-A9D9E6979B28}"
EndProject
Project("{FAE04EC0-301F-11D3-BF4B-00C04F79EFBC}") = "JMG.Parsnip.Library", "..\JMG.Parsnip.Library\JMG.Parsnip.Library.csproj", "{33FAF8BD-82E4-42C4-AF18-27A1A48B4062}"
EndProject
Global
	GlobalSection(SolutionConfigurationPlatforms) = preSolution
		Debug|Any CPU = Debug|Any CPU
		Debug|x64 = Debug|x64
		Debug|x86 = Debug|x86
		Release|Any CPU = Release|Any CPU
		Release|x64 = Release|x64
		Release|x86 = Release|x86
	EndGlobalSection
	GlobalSection(ProjectConfigurationPlatforms) = postSolution
		{5156E0F1-0B64-47E6-9417-B2A716CC7A65}.Debug|Any CPU.ActiveCfg = Debug|Any CPU
		{5156E0F1-0B64-47E6-9417-B2A716CC7A65}.Debug|Any CPU.Build.0 = Debug|Any CPU
		{5156E0F1-0B64-47E6-9417-B2A716CC7A65}.Debug|x64.ActiveCfg = Debug|Any CPU
		{5156E0F1-0B64-47E6-9417-B2A716CC7A65}.Debug|x64.Build.0 = Debug|Any CPU
		{5156E0F1-0B64-47E6-9417-B2A716CC7A65}.Debug|x86.ActiveCfg = Debug|Any CPU
		{5156E0F1-0B64-47E6-9417-B2A716CC7A65}.Debug|x86.Build.0 = Debug|Any CPU
		{5156E0F1-0B64-47E6-9417-B2A716CC7A65}.Release|Any CPU.ActiveCfg = Release|Any CPU
		{5156E0F1-0B64-47E6-9417-B2A716CC7A65}.Release|Any CPU.Build.0 = Release|Any CPU
		{5156E0F1-0B64-47E6-9417-B2A716CC7A65}.Release|x64.ActiveCfg = Release|Any CPU
		{5156E0F1-0B64-47E6-9417-B2A716CC7A65}.Release|x64.Build.0 = Release|Any CPU
		{5156E0F1-0B64-47E6-9417-B2A716CC7A65}.Release|x86.ActiveCfg = Release|Any CPU
		{5156E0F1-0B64-47E6-9417-B2A716CC7A65}.Release|x86.Build.0 = Release|Any CPU
		{2C8EF6F3-B50B-4816-A37C-A9D9E6979B28}.Debug|Any CPU.ActiveCfg = Debug|Any CPU
		{2C8EF6F3-B50B-4816-A37C-A9D9E6979B28}.Debug|Any CPU.Build.0 = Debug|Any CPU
		{2C8EF6F3-B50B-4816-A37C-A9D9E6979B28}.Debug|x64.ActiveCfg = Debug|Any CPU
		{2C8EF6F3-B50B-4816-A37C-A9D9E6979B28}.Debug|x64.Build.0 = Debug|Any CPU
		{2C8EF6F3-B50B-4816-A37C-A9D9E6979B28}.Debug|x86.ActiveCfg = Debug|Any CPU
		{2C8EF6F3-B50B-4816-A37C-A9D9E6979B28}.Debug|x86.Build.0 = Debug|Any CPU
		{2C8EF6F3-B50B-4816-A37C-A9D9E6979B28}.Release|Any CPU.ActiveCfg = Release|Any CPU
		{2C8EF6F3-B50B-4816-A37C-A9D9E6979B28}.Release|Any CPU.Build.0 = Release|Any CPU
		{2C8EF6F3-B50B-4816-A37C-A9D9E6979B28}.Release|x64.ActiveCfg = Release|Any CPU
		{2C8EF6F3-B50B-4816-A37C-A9D9E6979B28}.Release|x64.Build.0 = Release|Any CPU
		{2C8EF6F3-B50B-4816-A37C-A9D9E6979B28}.Release|x86.ActiveCfg = Release|Any CPU
		{2C8EF6F3-B50B-4816-A37C-A9D9E6979B28}.Release|x86.Build.0 = Release|Any CPU
		{33FAF8BD-82E4-42C4-AF18-27A1A48B4062}.Debug|Any CPU.ActiveCfg = Debug|Any CPU
		{33FAF8BD-82E4-42C4-AF18-27A1A48B4062}.Debug|Any CPU.Build.0 = Debug|Any CPU
		{33FAF8BD-82E4-42C4-AF18-27A1A48B4062}.Debug|x64.ActiveCfg = Debug|Any CPU
		{33FAF8BD-82E4-42C4-AF18-27A1A48B4062}.Debug|x64.Build.0 = Debug|Any CPU
		{33FAF8BD-82E4-42C4-AF18-27A1A48B4062}.Debug|x86.ActiveCfg = Debug|Any CPU
		{33FAF8BD-82E4-42C4-AF18-27A1A48B4062}.Debug|x86.Build.0 = Debug|Any CPU
		{33FAF8BD-82E4-42C4-AF18-27A1A48B4062}.Release|Any CPU.ActiveCfg = Release|Any CPU
		{33FAF8BD-82E4-42C4-AF18-27A1A48B4062}.Release|Any CPU.Build.0 = Release|Any CPU
		{33FAF8BD-82E4-42C4-AF18-27A1A48B4062}.Release|x64.ActiveCfg = Release|Any CPU
		{33FAF8BD-82E4-42C4-AF18-27A1A48B4062}.Release|x64.Build.0 = Release|Any CPU
		{33FAF8BD-82E4-42C4-AF18-27A1A48B4062}.Release|x86.ActiveCfg = Release|Any CPU
		{33FAF8BD-82E4-42C4-AF18-27A1A48B4062}.Release|x86.Build.0 = Release|Any CPU
	EndGlobalSection
	GlobalSection(SolutionProperties) = preSolution
		HideSolutionNode = FALSE
	EndGlobalSection
	GlobalSection(ExtensibilityGlobals) = postSolution
		SolutionGuid = {E351F881-F977-48AD-ACD0-8596CF54B6E2}
	EndGlobalSection
EndGlobal
